
Microsoft Visual Studio Solution File, Format Version 12.00
# Visual Studio 15
VisualStudioVersion = 15.0.28307.489
MinimumVisualStudioVersion = 10.0.40219.1
Project("{FAE04EC0-301F-11D3-BF4B-00C04F79EFBC}") = "Briefly", "MainWindow\Briefly.csproj", "{17635E2B-2D5D-485E-A416-419180435A66}"
EndProject
Global
	GlobalSection(SolutionConfigurationPlatforms) = preSolution
		Debug|Any CPU = Debug|Any CPU
		Release|Any CPU = Release|Any CPU
	EndGlobalSection
	GlobalSection(ProjectConfigurationPlatforms) = postSolution
		{17635E2B-2D5D-485E-A416-419180435A66}.Debug|Any CPU.ActiveCfg = Debug|Any CPU
		{17635E2B-2D5D-485E-A416-419180435A66}.Debug|Any CPU.Build.0 = Debug|Any CPU
		{17635E2B-2D5D-485E-A416-419180435A66}.Release|Any CPU.ActiveCfg = Release|Any CPU
		{17635E2B-2D5D-485E-A416-419180435A66}.Release|Any CPU.Build.0 = Release|Any CPU
	EndGlobalSection
	GlobalSection(SolutionProperties) = preSolution
		HideSolutionNode = FALSE
	EndGlobalSection
	GlobalSection(ExtensibilityGlobals) = postSolution
		SolutionGuid = {22E6C9CD-3EB1-47C0-B54B-4B7BC0CAFB10}
	EndGlobalSection
EndGlobal
